
Microsoft Visual Studio Solution File, Format Version 12.00
# Visual Studio Version 17
VisualStudioVersion = 17.0.32112.339
MinimumVisualStudioVersion = 10.0.40219.1
Project("{9A19103F-16F7-4668-BE54-9A1E7A4F7556}") = "ApiApplication", "ApiApplication.csproj", "{979FF842-D59A-44BD-A726-4850A4B9647A}"
EndProject
Project("{2150E333-8FDC-42A3-9474-1A3956D46DE8}") = "Solution Items", "Solution Items", "{A7B7247A-2A34-442B-ABD6-F2053B6B3C24}"
	ProjectSection(SolutionItems) = preProject
		..\cUrls.txt = ..\cUrls.txt
		..\Feedback.md = ..\Feedback.md
		..\Readme.md = ..\Readme.md
	EndProjectSection
EndProject
Global
	GlobalSection(SolutionConfigurationPlatforms) = preSolution
		Debug|Any CPU = Debug|Any CPU
		Release|Any CPU = Release|Any CPU
	EndGlobalSection
	GlobalSection(ProjectConfigurationPlatforms) = postSolution
		{979FF842-D59A-44BD-A726-4850A4B9647A}.Debug|Any CPU.ActiveCfg = Debug|Any CPU
		{979FF842-D59A-44BD-A726-4850A4B9647A}.Debug|Any CPU.Build.0 = Debug|Any CPU
		{979FF842-D59A-44BD-A726-4850A4B9647A}.Release|Any CPU.ActiveCfg = Release|Any CPU
		{979FF842-D59A-44BD-A726-4850A4B9647A}.Release|Any CPU.Build.0 = Release|Any CPU
	EndGlobalSection
	GlobalSection(SolutionProperties) = preSolution
		HideSolutionNode = FALSE
	EndGlobalSection
	GlobalSection(ExtensibilityGlobals) = postSolution
		SolutionGuid = {C52A7E7E-4F02-4B44-B7D4-995DE72CF0B3}
	EndGlobalSection
EndGlobal
